// !$*UTF8*$!
{
	archiveVersion = 1;
	classes = {
	};
	objectVersion = 50;
	objects = {

/* Begin PBXBuildFile section */
		FE30F6162561A5F4008B1A19 /* AppDelegate.swift in Sources */ = {isa = PBXBuildFile; fileRef = FE30F6152561A5F4008B1A19 /* AppDelegate.swift */; };
		FE30F6182561A5F4008B1A19 /* SceneDelegate.swift in Sources */ = {isa = PBXBuildFile; fileRef = FE30F6172561A5F4008B1A19 /* SceneDelegate.swift */; };
		FE30F61A2561A5F4008B1A19 /* ViewController.swift in Sources */ = {isa = PBXBuildFile; fileRef = FE30F6192561A5F4008B1A19 /* ViewController.swift */; };
		FE30F61D2561A5F4008B1A19 /* Main.storyboard in Resources */ = {isa = PBXBuildFile; fileRef = FE30F61B2561A5F4008B1A19 /* Main.storyboard */; };
		FE30F61F2561A5FA008B1A19 /* Assets.xcassets in Resources */ = {isa = PBXBuildFile; fileRef = FE30F61E2561A5FA008B1A19 /* Assets.xcassets */; };
		FE30F6222561A5FA008B1A19 /* LaunchScreen.storyboard in Resources */ = {isa = PBXBuildFile; fileRef = FE30F6202561A5FA008B1A19 /* LaunchScreen.storyboard */; };
		FE30F62D2561A5FB008B1A19 /* tip_calculatorTests.swift in Sources */ = {isa = PBXBuildFile; fileRef = FE30F62C2561A5FB008B1A19 /* tip_calculatorTests.swift */; };
		FE30F6382561A5FB008B1A19 /* tip_calculatorUITests.swift in Sources */ = {isa = PBXBuildFile; fileRef = FE30F6372561A5FB008B1A19 /* tip_calculatorUITests.swift */; };
/* End PBXBuildFile section */

/* Begin PBXContainerItemProxy section */
		FE30F6292561A5FB008B1A19 /* PBXContainerItemProxy */ = {
			isa = PBXContainerItemProxy;
			containerPortal = FE30F60A2561A5F4008B1A19 /* Project object */;
			proxyType = 1;
			remoteGlobalIDString = FE30F6112561A5F4008B1A19;
			remoteInfo = tip_calculator;
		};
		FE30F6342561A5FB008B1A19 /* PBXContainerItemProxy */ = {
			isa = PBXContainerItemProxy;
			containerPortal = FE30F60A2561A5F4008B1A19 /* Project object */;
			proxyType = 1;
			remoteGlobalIDString = FE30F6112561A5F4008B1A19;
			remoteInfo = tip_calculator;
		};
/* End PBXContainerItemProxy section */

/* Begin PBXFileReference section */
		FE30F6122561A5F4008B1A19 /* tip_calculator.app */ = {isa = PBXFileReference; explicitFileType = wrapper.application; includeInIndex = 0; path = tip_calculator.app; sourceTree = BUILT_PRODUCTS_DIR; };
		FE30F6152561A5F4008B1A19 /* AppDelegate.swift */ = {isa = PBXFileReference; lastKnownFileType = sourcecode.swift; path = AppDelegate.swift; sourceTree = "<group>"; };
		FE30F6172561A5F4008B1A19 /* SceneDelegate.swift */ = {isa = PBXFileReference; lastKnownFileType = sourcecode.swift; path = SceneDelegate.swift; sourceTree = "<group>"; };
		FE30F6192561A5F4008B1A19 /* ViewController.swift */ = {isa = PBXFileReference; lastKnownFileType = sourcecode.swift; path = ViewController.swift; sourceTree = "<group>"; };
		FE30F61C2561A5F4008B1A19 /* Base */ = {isa = PBXFileReference; lastKnownFileType = file.storyboard; name = Base; path = Base.lproj/Main.storyboard; sourceTree = "<group>"; };
		FE30F61E2561A5FA008B1A19 /* Assets.xcassets */ = {isa = PBXFileReference; lastKnownFileType = folder.assetcatalog; path = Assets.xcassets; sourceTree = "<group>"; };
		FE30F6212561A5FA008B1A19 /* Base */ = {isa = PBXFileReference; lastKnownFileType = file.storyboard; name = Base; path = Base.lproj/LaunchScreen.storyboard; sourceTree = "<group>"; };
		FE30F6232561A5FA008B1A19 /* Info.plist */ = {isa = PBXFileReference; lastKnownFileType = text.plist.xml; path = Info.plist; sourceTree = "<group>"; };
		FE30F6282561A5FB008B1A19 /* tip_calculatorTests.xctest */ = {isa = PBXFileReference; explicitFileType = wrapper.cfbundle; includeInIndex = 0; path = tip_calculatorTests.xctest; sourceTree = BUILT_PRODUCTS_DIR; };
		FE30F62C2561A5FB008B1A19 /* tip_calculatorTests.swift */ = {isa = PBXFileReference; lastKnownFileType = sourcecode.swift; path = tip_calculatorTests.swift; sourceTree = "<group>"; };
		FE30F62E2561A5FB008B1A19 /* Info.plist */ = {isa = PBXFileReference; lastKnownFileType = text.plist.xml; path = Info.plist; sourceTree = "<group>"; };
		FE30F6332561A5FB008B1A19 /* tip_calculatorUITests.xctest */ = {isa = PBXFileReference; explicitFileType = wrapper.cfbundle; includeInIndex = 0; path = tip_calculatorUITests.xctest; sourceTree = BUILT_PRODUCTS_DIR; };
		FE30F6372561A5FB008B1A19 /* tip_calculatorUITests.swift */ = {isa = PBXFileReference; lastKnownFileType = sourcecode.swift; path = tip_calculatorUITests.swift; sourceTree = "<group>"; };
		FE30F6392561A5FB008B1A19 /* Info.plist */ = {isa = PBXFileReference; lastKnownFileType = text.plist.xml; path = Info.plist; sourceTree = "<group>"; };
/* End PBXFileReference section */

/* Begin PBXFrameworksBuildPhase section */
		FE30F60F2561A5F4008B1A19 /* Frameworks */ = {
			isa = PBXFrameworksBuildPhase;
			buildActionMask = 2147483647;
			files = (
			);
			runOnlyForDeploymentPostprocessing = 0;
		};
		FE30F6252561A5FB008B1A19 /* Frameworks */ = {
			isa = PBXFrameworksBuildPhase;
			buildActionMask = 2147483647;
			files = (
			);
			runOnlyForDeploymentPostprocessing = 0;
		};
		FE30F6302561A5FB008B1A19 /* Frameworks */ = {
			isa = PBXFrameworksBuildPhase;
			buildActionMask = 2147483647;
			files = (
			);
			runOnlyForDeploymentPostprocessing = 0;
		};
/* End PBXFrameworksBuildPhase section */

/* Begin PBXGroup section */
		FE30F6092561A5F4008B1A19 = {
			isa = PBXGroup;
			children = (
				FE30F6142561A5F4008B1A19 /* tip_calculator */,
				FE30F62B2561A5FB008B1A19 /* tip_calculatorTests */,
				FE30F6362561A5FB008B1A19 /* tip_calculatorUITests */,
				FE30F6132561A5F4008B1A19 /* Products */,
			);
			sourceTree = "<group>";
		};
		FE30F6132561A5F4008B1A19 /* Products */ = {
			isa = PBXGroup;
			children = (
				FE30F6122561A5F4008B1A19 /* tip_calculator.app */,
				FE30F6282561A5FB008B1A19 /* tip_calculatorTests.xctest */,
				FE30F6332561A5FB008B1A19 /* tip_calculatorUITests.xctest */,
			);
			name = Products;
			sourceTree = "<group>";
		};
		FE30F6142561A5F4008B1A19 /* tip_calculator */ = {
			isa = PBXGroup;
			children = (
				FE30F6152561A5F4008B1A19 /* AppDelegate.swift */,
				FE30F6172561A5F4008B1A19 /* SceneDelegate.swift */,
				FE30F6192561A5F4008B1A19 /* ViewController.swift */,
				FE30F61B2561A5F4008B1A19 /* Main.storyboard */,
				FE30F61E2561A5FA008B1A19 /* Assets.xcassets */,
				FE30F6202561A5FA008B1A19 /* LaunchScreen.storyboard */,
				FE30F6232561A5FA008B1A19 /* Info.plist */,
			);
			path = tip_calculator;
			sourceTree = "<group>";
		};
		FE30F62B2561A5FB008B1A19 /* tip_calculatorTests */ = {
			isa = PBXGroup;
			children = (
				FE30F62C2561A5FB008B1A19 /* tip_calculatorTests.swift */,
				FE30F62E2561A5FB008B1A19 /* Info.plist */,
			);
			path = tip_calculatorTests;
			sourceTree = "<group>";
		};
		FE30F6362561A5FB008B1A19 /* tip_calculatorUITests */ = {
			isa = PBXGroup;
			children = (
				FE30F6372561A5FB008B1A19 /* tip_calculatorUITests.swift */,
				FE30F6392561A5FB008B1A19 /* Info.plist */,
			);
			path = tip_calculatorUITests;
			sourceTree = "<group>";
		};
/* End PBXGroup section */

/* Begin PBXNativeTarget section */
		FE30F6112561A5F4008B1A19 /* tip_calculator */ = {
			isa = PBXNativeTarget;
			buildConfigurationList = FE30F63C2561A5FB008B1A19 /* Build configuration list for PBXNativeTarget "tip_calculator" */;
			buildPhases = (
				FE30F60E2561A5F4008B1A19 /* Sources */,
				FE30F60F2561A5F4008B1A19 /* Frameworks */,
				FE30F6102561A5F4008B1A19 /* Resources */,
			);
			buildRules = (
			);
			dependencies = (
			);
			name = tip_calculator;
			productName = tip_calculator;
			productReference = FE30F6122561A5F4008B1A19 /* tip_calculator.app */;
			productType = "com.apple.product-type.application";
		};
		FE30F6272561A5FB008B1A19 /* tip_calculatorTests */ = {
			isa = PBXNativeTarget;
			buildConfigurationList = FE30F63F2561A5FB008B1A19 /* Build configuration list for PBXNativeTarget "tip_calculatorTests" */;
			buildPhases = (
				FE30F6242561A5FB008B1A19 /* Sources */,
				FE30F6252561A5FB008B1A19 /* Frameworks */,
				FE30F6262561A5FB008B1A19 /* Resources */,
			);
			buildRules = (
			);
			dependencies = (
				FE30F62A2561A5FB008B1A19 /* PBXTargetDependency */,
			);
			name = tip_calculatorTests;
			productName = tip_calculatorTests;
			productReference = FE30F6282561A5FB008B1A19 /* tip_calculatorTests.xctest */;
			productType = "com.apple.product-type.bundle.unit-test";
		};
		FE30F6322561A5FB008B1A19 /* tip_calculatorUITests */ = {
			isa = PBXNativeTarget;
			buildConfigurationList = FE30F6422561A5FB008B1A19 /* Build configuration list for PBXNativeTarget "tip_calculatorUITests" */;
			buildPhases = (
				FE30F62F2561A5FB008B1A19 /* Sources */,
				FE30F6302561A5FB008B1A19 /* Frameworks */,
				FE30F6312561A5FB008B1A19 /* Resources */,
			);
			buildRules = (
			);
			dependencies = (
				FE30F6352561A5FB008B1A19 /* PBXTargetDependency */,
			);
			name = tip_calculatorUITests;
			productName = tip_calculatorUITests;
			productReference = FE30F6332561A5FB008B1A19 /* tip_calculatorUITests.xctest */;
			productType = "com.apple.product-type.bundle.ui-testing";
		};
/* End PBXNativeTarget section */

/* Begin PBXProject section */
		FE30F60A2561A5F4008B1A19 /* Project object */ = {
			isa = PBXProject;
			attributes = {
				LastSwiftUpdateCheck = 1150;
				LastUpgradeCheck = 1150;
				ORGANIZATIONNAME = "Paul Sayad";
				TargetAttributes = {
					FE30F6112561A5F4008B1A19 = {
						CreatedOnToolsVersion = 11.5;
					};
					FE30F6272561A5FB008B1A19 = {
						CreatedOnToolsVersion = 11.5;
						TestTargetID = FE30F6112561A5F4008B1A19;
					};
					FE30F6322561A5FB008B1A19 = {
						CreatedOnToolsVersion = 11.5;
						TestTargetID = FE30F6112561A5F4008B1A19;
					};
				};
			};
			buildConfigurationList = FE30F60D2561A5F4008B1A19 /* Build configuration list for PBXProject "tip_calculator" */;
			compatibilityVersion = "Xcode 9.3";
			developmentRegion = en;
			hasScannedForEncodings = 0;
			knownRegions = (
				en,
				Base,
			);
			mainGroup = FE30F6092561A5F4008B1A19;
			productRefGroup = FE30F6132561A5F4008B1A19 /* Products */;
			projectDirPath = "";
			projectRoot = "";
			targets = (
				FE30F6112561A5F4008B1A19 /* tip_calculator */,
				FE30F6272561A5FB008B1A19 /* tip_calculatorTests */,
				FE30F6322561A5FB008B1A19 /* tip_calculatorUITests */,
			);
		};
/* End PBXProject section */

/* Begin PBXResourcesBuildPhase section */
		FE30F6102561A5F4008B1A19 /* Resources */ = {
			isa = PBXResourcesBuildPhase;
			buildActionMask = 2147483647;
			files = (
				FE30F6222561A5FA008B1A19 /* LaunchScreen.storyboard in Resources */,
				FE30F61F2561A5FA008B1A19 /* Assets.xcassets in Resources */,
				FE30F61D2561A5F4008B1A19 /* Main.storyboard in Resources */,
			);
			runOnlyForDeploymentPostprocessing = 0;
		};
		FE30F6262561A5FB008B1A19 /* Resources */ = {
			isa = PBXResourcesBuildPhase;
			buildActionMask = 2147483647;
			files = (
			);
			runOnlyForDeploymentPostprocessing = 0;
		};
		FE30F6312561A5FB008B1A19 /* Resources */ = {
			isa = PBXResourcesBuildPhase;
			buildActionMask = 2147483647;
			files = (
			);
			runOnlyForDeploymentPostprocessing = 0;
		};
/* End PBXResourcesBuildPhase section */

/* Begin PBXSourcesBuildPhase section */
		FE30F60E2561A5F4008B1A19 /* Sources */ = {
			isa = PBXSourcesBuildPhase;
			buildActionMask = 2147483647;
			files = (
				FE30F61A2561A5F4008B1A19 /* ViewController.swift in Sources */,
				FE30F6162561A5F4008B1A19 /* AppDelegate.swift in Sources */,
				FE30F6182561A5F4008B1A19 /* SceneDelegate.swift in Sources */,
			);
			runOnlyForDeploymentPostprocessing = 0;
		};
		FE30F6242561A5FB008B1A19 /* Sources */ = {
			isa = PBXSourcesBuildPhase;
			buildActionMask = 2147483647;
			files = (
				FE30F62D2561A5FB008B1A19 /* tip_calculatorTests.swift in Sources */,
			);
			runOnlyForDeploymentPostprocessing = 0;
		};
		FE30F62F2561A5FB008B1A19 /* Sources */ = {
			isa = PBXSourcesBuildPhase;
			buildActionMask = 2147483647;
			files = (
				FE30F6382561A5FB008B1A19 /* tip_calculatorUITests.swift in Sources */,
			);
			runOnlyForDeploymentPostprocessing = 0;
		};
/* End PBXSourcesBuildPhase section */

/* Begin PBXTargetDependency section */
		FE30F62A2561A5FB008B1A19 /* PBXTargetDependency */ = {
			isa = PBXTargetDependency;
			target = FE30F6112561A5F4008B1A19 /* tip_calculator */;
			targetProxy = FE30F6292561A5FB008B1A19 /* PBXContainerItemProxy */;
		};
		FE30F6352561A5FB008B1A19 /* PBXTargetDependency */ = {
			isa = PBXTargetDependency;
			target = FE30F6112561A5F4008B1A19 /* tip_calculator */;
			targetProxy = FE30F6342561A5FB008B1A19 /* PBXContainerItemProxy */;
		};
/* End PBXTargetDependency section */

/* Begin PBXVariantGroup section */
		FE30F61B2561A5F4008B1A19 /* Main.storyboard */ = {
			isa = PBXVariantGroup;
			children = (
				FE30F61C2561A5F4008B1A19 /* Base */,
			);
			name = Main.storyboard;
			sourceTree = "<group>";
		};
		FE30F6202561A5FA008B1A19 /* LaunchScreen.storyboard */ = {
			isa = PBXVariantGroup;
			children = (
				FE30F6212561A5FA008B1A19 /* Base */,
			);
			name = LaunchScreen.storyboard;
			sourceTree = "<group>";
		};
/* End PBXVariantGroup section */

/* Begin XCBuildConfiguration section */
		FE30F63A2561A5FB008B1A19 /* Debug */ = {
			isa = XCBuildConfiguration;
			buildSettings = {
				ALWAYS_SEARCH_USER_PATHS = NO;
				CLANG_ANALYZER_NONNULL = YES;
				CLANG_ANALYZER_NUMBER_OBJECT_CONVERSION = YES_AGGRESSIVE;
				CLANG_CXX_LANGUAGE_STANDARD = "gnu++14";
				CLANG_CXX_LIBRARY = "libc++";
				CLANG_ENABLE_MODULES = YES;
				CLANG_ENABLE_OBJC_ARC = YES;
				CLANG_ENABLE_OBJC_WEAK = YES;
				CLANG_WARN_BLOCK_CAPTURE_AUTORELEASING = YES;
				CLANG_WARN_BOOL_CONVERSION = YES;
				CLANG_WARN_COMMA = YES;
				CLANG_WARN_CONSTANT_CONVERSION = YES;
				CLANG_WARN_DEPRECATED_OBJC_IMPLEMENTATIONS = YES;
				CLANG_WARN_DIRECT_OBJC_ISA_USAGE = YES_ERROR;
				CLANG_WARN_DOCUMENTATION_COMMENTS = YES;
				CLANG_WARN_EMPTY_BODY = YES;
				CLANG_WARN_ENUM_CONVERSION = YES;
				CLANG_WARN_INFINITE_RECURSION = YES;
				CLANG_WARN_INT_CONVERSION = YES;
				CLANG_WARN_NON_LITERAL_NULL_CONVERSION = YES;
				CLANG_WARN_OBJC_IMPLICIT_RETAIN_SELF = YES;
				CLANG_WARN_OBJC_LITERAL_CONVERSION = YES;
				CLANG_WARN_OBJC_ROOT_CLASS = YES_ERROR;
				CLANG_WARN_RANGE_LOOP_ANALYSIS = YES;
				CLANG_WARN_STRICT_PROTOTYPES = YES;
				CLANG_WARN_SUSPICIOUS_MOVE = YES;
				CLANG_WARN_UNGUARDED_AVAILABILITY = YES_AGGRESSIVE;
				CLANG_WARN_UNREACHABLE_CODE = YES;
				CLANG_WARN__DUPLICATE_METHOD_MATCH = YES;
				COPY_PHASE_STRIP = NO;
				DEBUG_INFORMATION_FORMAT = dwarf;
				ENABLE_STRICT_OBJC_MSGSEND = YES;
				ENABLE_TESTABILITY = YES;
				GCC_C_LANGUAGE_STANDARD = gnu11;
				GCC_DYNAMIC_NO_PIC = NO;
				GCC_NO_COMMON_BLOCKS = YES;
				GCC_OPTIMIZATION_LEVEL = 0;
				GCC_PREPROCESSOR_DEFINITIONS = (
					"DEBUG=1",
					"$(inherited)",
				);
				GCC_WARN_64_TO_32_BIT_CONVERSION = YES;
				GCC_WARN_ABOUT_RETURN_TYPE = YES_ERROR;
				GCC_WARN_UNDECLARED_SELECTOR = YES;
				GCC_WARN_UNINITIALIZED_AUTOS = YES_AGGRESSIVE;
				GCC_WARN_UNUSED_FUNCTION = YES;
				GCC_WARN_UNUSED_VARIABLE = YES;
				IPHONEOS_DEPLOYMENT_TARGET = 13.5;
				MTL_ENABLE_DEBUG_INFO = INCLUDE_SOURCE;
				MTL_FAST_MATH = YES;
				ONLY_ACTIVE_ARCH = YES;
				SDKROOT = iphoneos;
				SWIFT_ACTIVE_COMPILATION_CONDITIONS = DEBUG;
				SWIFT_OPTIMIZATION_LEVEL = "-Onone";
			};
			name = Debug;
		};
		FE30F63B2561A5FB008B1A19 /* Release */ = {
			isa = XCBuildConfiguration;
			buildSettings = {
				ALWAYS_SEARCH_USER_PATHS = NO;
				CLANG_ANALYZER_NONNULL = YES;
				CLANG_ANALYZER_NUMBER_OBJECT_CONVERSION = YES_AGGRESSIVE;
				CLANG_CXX_LANGUAGE_STANDARD = "gnu++14";
				CLANG_CXX_LIBRARY = "libc++";
				CLANG_ENABLE_MODULES = YES;
				CLANG_ENABLE_OBJC_ARC = YES;
				CLANG_ENABLE_OBJC_WEAK = YES;
				CLANG_WARN_BLOCK_CAPTURE_AUTORELEASING = YES;
				CLANG_WARN_BOOL_CONVERSION = YES;
				CLANG_WARN_COMMA = YES;
				CLANG_WARN_CONSTANT_CONVERSION = YES;
				CLANG_WARN_DEPRECATED_OBJC_IMPLEMENTATIONS = YES;
				CLANG_WARN_DIRECT_OBJC_ISA_USAGE = YES_ERROR;
				CLANG_WARN_DOCUMENTATION_COMMENTS = YES;
				CLANG_WARN_EMPTY_BODY = YES;
				CLANG_WARN_ENUM_CONVERSION = YES;
				CLANG_WARN_INFINITE_RECURSION = YES;
				CLANG_WARN_INT_CONVERSION = YES;
				CLANG_WARN_NON_LITERAL_NULL_CONVERSION = YES;
				CLANG_WARN_OBJC_IMPLICIT_RETAIN_SELF = YES;
				CLANG_WARN_OBJC_LITERAL_CONVERSION = YES;
				CLANG_WARN_OBJC_ROOT_CLASS = YES_ERROR;
				CLANG_WARN_RANGE_LOOP_ANALYSIS = YES;
				CLANG_WARN_STRICT_PROTOTYPES = YES;
				CLANG_WARN_SUSPICIOUS_MOVE = YES;
				CLANG_WARN_UNGUARDED_AVAILABILITY = YES_AGGRESSIVE;
				CLANG_WARN_UNREACHABLE_CODE = YES;
				CLANG_WARN__DUPLICATE_METHOD_MATCH = YES;
				COPY_PHASE_STRIP = NO;
				DEBUG_INFORMATION_FORMAT = "dwarf-with-dsym";
				ENABLE_NS_ASSERTIONS = NO;
				ENABLE_STRICT_OBJC_MSGSEND = YES;
				GCC_C_LANGUAGE_STANDARD = gnu11;
				GCC_NO_COMMON_BLOCKS = YES;
				GCC_WARN_64_TO_32_BIT_CONVERSION = YES;
				GCC_WARN_ABOUT_RETURN_TYPE = YES_ERROR;
				GCC_WARN_UNDECLARED_SELECTOR = YES;
				GCC_WARN_UNINITIALIZED_AUTOS = YES_AGGRESSIVE;
				GCC_WARN_UNUSED_FUNCTION = YES;
				GCC_WARN_UNUSED_VARIABLE = YES;
				IPHONEOS_DEPLOYMENT_TARGET = 13.5;
				MTL_ENABLE_DEBUG_INFO = NO;
				MTL_FAST_MATH = YES;
				SDKROOT = iphoneos;
				SWIFT_COMPILATION_MODE = wholemodule;
				SWIFT_OPTIMIZATION_LEVEL = "-O";
				VALIDATE_PRODUCT = YES;
			};
			name = Release;
		};
		FE30F63D2561A5FB008B1A19 /* Debug */ = {
			isa = XCBuildConfiguration;
			buildSettings = {
				ASSETCATALOG_COMPILER_APPICON_NAME = AppIcon;
				CODE_SIGN_STYLE = Automatic;
				DEVELOPMENT_TEAM = QMHU3RFSJJ;
				INFOPLIST_FILE = tip_calculator/Info.plist;
				LD_RUNPATH_SEARCH_PATHS = (
					"$(inherited)",
					"@executable_path/Frameworks",
				);
				PRODUCT_BUNDLE_IDENTIFIER = "PaulSayad.tip-calculator";
				PRODUCT_NAME = tip_calculator;
				SWIFT_VERSION = 5.0;
				TARGETED_DEVICE_FAMILY = "1,2";
			};
			name = Debug;
		};
		FE30F63E2561A5FB008B1A19 /* Release */ = {
			isa = XCBuildConfiguration;
			buildSettings = {
				ASSETCATALOG_COMPILER_APPICON_NAME = AppIcon;
				CODE_SIGN_STYLE = Automatic;
				DEVELOPMENT_TEAM = QMHU3RFSJJ;
				INFOPLIST_FILE = tip_calculator/Info.plist;
				LD_RUNPATH_SEARCH_PATHS = (
					"$(inherited)",
					"@executable_path/Frameworks",
				);
				PRODUCT_BUNDLE_IDENTIFIER = "PaulSayad.tip-calculator";
				PRODUCT_NAME = tip_calculator;
				SWIFT_VERSION = 5.0;
				TARGETED_DEVICE_FAMILY = "1,2";
			};
			name = Release;
		};
		FE30F6402561A5FB008B1A19 /* Debug */ = {
			isa = XCBuildConfiguration;
			buildSettings = {
				ALWAYS_EMBED_SWIFT_STANDARD_LIBRARIES = YES;
				BUNDLE_LOADER = "$(TEST_HOST)";
				CODE_SIGN_STYLE = Automatic;
				DEVELOPMENT_TEAM = QMHU3RFSJJ;
				INFOPLIST_FILE = tip_calculatorTests/Info.plist;
				IPHONEOS_DEPLOYMENT_TARGET = 13.5;
				LD_RUNPATH_SEARCH_PATHS = (
					"$(inherited)",
					"@executable_path/Frameworks",
					"@loader_path/Frameworks",
				);
				PRODUCT_BUNDLE_IDENTIFIER = "PaulSayad.tip-calculatorTests";
				PRODUCT_NAME = "$(TARGET_NAME)";
				SWIFT_VERSION = 5.0;
				TARGETED_DEVICE_FAMILY = "1,2";
				TEST_HOST = "$(BUILT_PRODUCTS_DIR)/tip_calculator.app/tip_calculator";
			};
			name = Debug;
		};
		FE30F6412561A5FB008B1A19 /* Release */ = {
			isa = XCBuildConfiguration;
			buildSettings = {
				ALWAYS_EMBED_SWIFT_STANDARD_LIBRARIES = YES;
				BUNDLE_LOADER = "$(TEST_HOST)";
				CODE_SIGN_STYLE = Automatic;
				DEVELOPMENT_TEAM = QMHU3RFSJJ;
				INFOPLIST_FILE = tip_calculatorTests/Info.plist;
				IPHONEOS_DEPLOYMENT_TARGET = 13.5;
				LD_RUNPATH_SEARCH_PATHS = (
					"$(inherited)",
					"@executable_path/Frameworks",
					"@loader_path/Frameworks",
				);
				PRODUCT_BUNDLE_IDENTIFIER = "PaulSayad.tip-calculatorTests";
				PRODUCT_NAME = "$(TARGET_NAME)";
				SWIFT_VERSION = 5.0;
				TARGETED_DEVICE_FAMILY = "1,2";
				TEST_HOST = "$(BUILT_PRODUCTS_DIR)/tip_calculator.app/tip_calculator";
			};
			name = Release;
		};
		FE30F6432561A5FB008B1A19 /* Debug */ = {
			isa = XCBuildConfiguration;
			buildSettings = {
				ALWAYS_EMBED_SWIFT_STANDARD_LIBRARIES = YES;
				CODE_SIGN_STYLE = Automatic;
				DEVELOPMENT_TEAM = QMHU3RFSJJ;
				INFOPLIST_FILE = tip_calculatorUITests/Info.plist;
				LD_RUNPATH_SEARCH_PATHS = (
					"$(inherited)",
					"@executable_path/Frameworks",
					"@loader_path/Frameworks",
				);
				PRODUCT_BUNDLE_IDENTIFIER = "PaulSayad.tip-calculatorUITests";
				PRODUCT_NAME = "$(TARGET_NAME)";
				SWIFT_VERSION = 5.0;
				TARGETED_DEVICE_FAMILY = "1,2";
				TEST_TARGET_NAME = tip_calculator;
			};
			name = Debug;
		};
		FE30F6442561A5FB008B1A19 /* Release */ = {
			isa = XCBuildConfiguration;
			buildSettings = {
				ALWAYS_EMBED_SWIFT_STANDARD_LIBRARIES = YES;
				CODE_SIGN_STYLE = Automatic;
				DEVELOPMENT_TEAM = QMHU3RFSJJ;
				INFOPLIST_FILE = tip_calculatorUITests/Info.plist;
				LD_RUNPATH_SEARCH_PATHS = (
					"$(inherited)",
					"@executable_path/Frameworks",
					"@loader_path/Frameworks",
				);
				PRODUCT_BUNDLE_IDENTIFIER = "PaulSayad.tip-calculatorUITests";
				PRODUCT_NAME = "$(TARGET_NAME)";
				SWIFT_VERSION = 5.0;
				TARGETED_DEVICE_FAMILY = "1,2";
				TEST_TARGET_NAME = tip_calculator;
			};
			name = Release;
		};
/* End XCBuildConfiguration section */

/* Begin XCConfigurationList section */
		FE30F60D2561A5F4008B1A19 /* Build configuration list for PBXProject "tip_calculator" */ = {
			isa = XCConfigurationList;
			buildConfigurations = (
				FE30F63A2561A5FB008B1A19 /* Debug */,
				FE30F63B2561A5FB008B1A19 /* Release */,
			);
			defaultConfigurationIsVisible = 0;
			defaultConfigurationName = Release;
		};
		FE30F63C2561A5FB008B1A19 /* Build configuration list for PBXNativeTarget "tip_calculator" */ = {
			isa = XCConfigurationList;
			buildConfigurations = (
				FE30F63D2561A5FB008B1A19 /* Debug */,
				FE30F63E2561A5FB008B1A19 /* Release */,
			);
			defaultConfigurationIsVisible = 0;
			defaultConfigurationName = Release;
		};
		FE30F63F2561A5FB008B1A19 /* Build configuration list for PBXNativeTarget "tip_calculatorTests" */ = {
			isa = XCConfigurationList;
			buildConfigurations = (
				FE30F6402561A5FB008B1A19 /* Debug */,
				FE30F6412561A5FB008B1A19 /* Release */,
			);
			defaultConfigurationIsVisible = 0;
			defaultConfigurationName = Release;
		};
		FE30F6422561A5FB008B1A19 /* Build configuration list for PBXNativeTarget "tip_calculatorUITests" */ = {
			isa = XCConfigurationList;
			buildConfigurations = (
				FE30F6432561A5FB008B1A19 /* Debug */,
				FE30F6442561A5FB008B1A19 /* Release */,
			);
			defaultConfigurationIsVisible = 0;
			defaultConfigurationName = Release;
		};
/* End XCConfigurationList section */
	};
	rootObject = FE30F60A2561A5F4008B1A19 /* Project object */;
}
